
Microsoft Visual Studio Solution File, Format Version 12.00
# Visual Studio Version 16
VisualStudioVersion = 16.0.29230.61
MinimumVisualStudioVersion = 10.0.40219.1
Project("{FAE04EC0-301F-11D3-BF4B-00C04F79EFBC}") = "BlazorWebAssemblyDemo", "BlazorWebAssemblyDemo\BlazorWebAssemblyDemo.csproj", "{95FCFA54-65D5-4E07-9E81-70F9D7853079}"
EndProject
Project("{9A19103F-16F7-4668-BE54-9A1E7A4F7556}") = "IntroductorySpaDemo", "IntroductorySpaDemo\IntroductorySpaDemo.csproj", "{C226D361-0519-4CFC-A7F4-E9F05C74015E}"
EndProject
Project("{FAE04EC0-301F-11D3-BF4B-00C04F79EFBC}") = "BlazorServerSideDemo", "BlazorServerSideDemo\BlazorServerSideDemo.csproj", "{4EC4DEFE-150C-4C7A-BD7A-A382E65DAC88}"
EndProject
Global
	GlobalSection(SolutionConfigurationPlatforms) = preSolution
		Debug|Any CPU = Debug|Any CPU
		Release|Any CPU = Release|Any CPU
	EndGlobalSection
	GlobalSection(ProjectConfigurationPlatforms) = postSolution
		{95FCFA54-65D5-4E07-9E81-70F9D7853079}.Debug|Any CPU.ActiveCfg = Debug|Any CPU
		{95FCFA54-65D5-4E07-9E81-70F9D7853079}.Debug|Any CPU.Build.0 = Debug|Any CPU
		{95FCFA54-65D5-4E07-9E81-70F9D7853079}.Release|Any CPU.ActiveCfg = Release|Any CPU
		{95FCFA54-65D5-4E07-9E81-70F9D7853079}.Release|Any CPU.Build.0 = Release|Any CPU
		{C226D361-0519-4CFC-A7F4-E9F05C74015E}.Debug|Any CPU.ActiveCfg = Debug|Any CPU
		{C226D361-0519-4CFC-A7F4-E9F05C74015E}.Debug|Any CPU.Build.0 = Debug|Any CPU
		{C226D361-0519-4CFC-A7F4-E9F05C74015E}.Release|Any CPU.ActiveCfg = Release|Any CPU
		{C226D361-0519-4CFC-A7F4-E9F05C74015E}.Release|Any CPU.Build.0 = Release|Any CPU
		{4EC4DEFE-150C-4C7A-BD7A-A382E65DAC88}.Debug|Any CPU.ActiveCfg = Debug|Any CPU
		{4EC4DEFE-150C-4C7A-BD7A-A382E65DAC88}.Debug|Any CPU.Build.0 = Debug|Any CPU
		{4EC4DEFE-150C-4C7A-BD7A-A382E65DAC88}.Release|Any CPU.ActiveCfg = Release|Any CPU
		{4EC4DEFE-150C-4C7A-BD7A-A382E65DAC88}.Release|Any CPU.Build.0 = Release|Any CPU
	EndGlobalSection
	GlobalSection(SolutionProperties) = preSolution
		HideSolutionNode = FALSE
	EndGlobalSection
	GlobalSection(ExtensibilityGlobals) = postSolution
		SolutionGuid = {F42F682D-D400-49DC-AA75-588F30C82933}
	EndGlobalSection
EndGlobal
